
Microsoft Visual Studio Solution File, Format Version 12.00
# Visual Studio Version 16
VisualStudioVersion = 16.0.29306.81
MinimumVisualStudioVersion = 10.0.40219.1
Project("{8BC9CEB8-8B4A-11D0-8D11-00A0C91BC942}") = "2.32", "2.32\2.32.vcxproj", "{429AEE06-B4A3-471C-8289-5D04F55769E9}"
EndProject
Global
	GlobalSection(SolutionConfigurationPlatforms) = preSolution
		Debug|x64 = Debug|x64
		Debug|x86 = Debug|x86
		Release|x64 = Release|x64
		Release|x86 = Release|x86
	EndGlobalSection
	GlobalSection(ProjectConfigurationPlatforms) = postSolution
		{429AEE06-B4A3-471C-8289-5D04F55769E9}.Debug|x64.ActiveCfg = Debug|x64
		{429AEE06-B4A3-471C-8289-5D04F55769E9}.Debug|x64.Build.0 = Debug|x64
		{429AEE06-B4A3-471C-8289-5D04F55769E9}.Debug|x86.ActiveCfg = Debug|Win32
		{429AEE06-B4A3-471C-8289-5D04F55769E9}.Debug|x86.Build.0 = Debug|Win32
		{429AEE06-B4A3-471C-8289-5D04F55769E9}.Release|x64.ActiveCfg = Release|x64
		{429AEE06-B4A3-471C-8289-5D04F55769E9}.Release|x64.Build.0 = Release|x64
		{429AEE06-B4A3-471C-8289-5D04F55769E9}.Release|x86.ActiveCfg = Release|Win32
		{429AEE06-B4A3-471C-8289-5D04F55769E9}.Release|x86.Build.0 = Release|Win32
	EndGlobalSection
	GlobalSection(SolutionProperties) = preSolution
		HideSolutionNode = FALSE
	EndGlobalSection
	GlobalSection(ExtensibilityGlobals) = postSolution
		SolutionGuid = {686A8E51-841C-4B7C-8737-DF53AB8CF18F}
	EndGlobalSection
EndGlobal
